
Microsoft Visual Studio Solution File, Format Version 12.00
# Visual Studio Version 16
VisualStudioVersion = 16.0.33920.266
MinimumVisualStudioVersion = 10.0.40219.1
Project("{FAE04EC0-301F-11D3-BF4B-00C04F79EFBC}") = "UserBuyScreen", "UserBuyScreen\UserBuyScreen.csproj", "{BA21DFCE-6740-435C-81B0-D3976D3F6848}"
EndProject
Global
	GlobalSection(SolutionConfigurationPlatforms) = preSolution
		Debug|Any CPU = Debug|Any CPU
		Release|Any CPU = Release|Any CPU
	EndGlobalSection
	GlobalSection(ProjectConfigurationPlatforms) = postSolution
		{BA21DFCE-6740-435C-81B0-D3976D3F6848}.Debug|Any CPU.ActiveCfg = Debug|Any CPU
		{BA21DFCE-6740-435C-81B0-D3976D3F6848}.Debug|Any CPU.Build.0 = Debug|Any CPU
		{BA21DFCE-6740-435C-81B0-D3976D3F6848}.Release|Any CPU.ActiveCfg = Release|Any CPU
		{BA21DFCE-6740-435C-81B0-D3976D3F6848}.Release|Any CPU.Build.0 = Release|Any CPU
	EndGlobalSection
	GlobalSection(SolutionProperties) = preSolution
		HideSolutionNode = FALSE
	EndGlobalSection
	GlobalSection(ExtensibilityGlobals) = postSolution
		SolutionGuid = {1B9E96F1-6DB0-4D62-913C-8D4DFC1BA6DA}
	EndGlobalSection
EndGlobal
